
Microsoft Visual Studio Solution File, Format Version 12.00
# Visual Studio Version 17
VisualStudioVersion = 17.13.35818.85 d17.13
MinimumVisualStudioVersion = 10.0.40219.1
Project("{8BC9CEB8-8B4A-11D0-8D11-00A0C91BC942}") = "ConsoleApplication3", "ConsoleApplication3\ConsoleApplication3.vcxproj", "{A596AC47-99A5-4488-99D0-4D117C6B1487}"
EndProject
Global
	GlobalSection(SolutionConfigurationPlatforms) = preSolution
		Debug|x64 = Debug|x64
		Debug|x86 = Debug|x86
		Release|x64 = Release|x64
		Release|x86 = Release|x86
	EndGlobalSection
	GlobalSection(ProjectConfigurationPlatforms) = postSolution
		{A596AC47-99A5-4488-99D0-4D117C6B1487}.Debug|x64.ActiveCfg = Debug|x64
		{A596AC47-99A5-4488-99D0-4D117C6B1487}.Debug|x64.Build.0 = Debug|x64
		{A596AC47-99A5-4488-99D0-4D117C6B1487}.Debug|x86.ActiveCfg = Debug|Win32
		{A596AC47-99A5-4488-99D0-4D117C6B1487}.Debug|x86.Build.0 = Debug|Win32
		{A596AC47-99A5-4488-99D0-4D117C6B1487}.Release|x64.ActiveCfg = Release|x64
		{A596AC47-99A5-4488-99D0-4D117C6B1487}.Release|x64.Build.0 = Release|x64
		{A596AC47-99A5-4488-99D0-4D117C6B1487}.Release|x86.ActiveCfg = Release|Win32
		{A596AC47-99A5-4488-99D0-4D117C6B1487}.Release|x86.Build.0 = Release|Win32
	EndGlobalSection
	GlobalSection(SolutionProperties) = preSolution
		HideSolutionNode = FALSE
	EndGlobalSection
	GlobalSection(ExtensibilityGlobals) = postSolution
		SolutionGuid = {18F5454B-203C-464A-BB5B-1E8AD5F59622}
	EndGlobalSection
EndGlobal
