
Microsoft Visual Studio Solution File, Format Version 12.00
# Visual Studio Version 17
VisualStudioVersion = 17.13.35818.85
MinimumVisualStudioVersion = 10.0.40219.1
Project("{8BC9CEB8-8B4A-11D0-8D11-00A0C91BC942}") = "ConsoleApplication1", "ConsoleApplication1\ConsoleApplication1.vcxproj", "{93BAB86E-8F6D-4D23-B47F-4E61CA84E31C}"
EndProject
Project("{8BC9CEB8-8B4A-11D0-8D11-00A0C91BC942}") = "ConsoleApplication2", "ConsoleApplication2\ConsoleApplication2.vcxproj", "{90143600-378A-42B4-B7C7-C62E1646978C}"
EndProject
Global
	GlobalSection(SolutionConfigurationPlatforms) = preSolution
		Debug|x64 = Debug|x64
		Debug|x86 = Debug|x86
		Release|x64 = Release|x64
		Release|x86 = Release|x86
	EndGlobalSection
	GlobalSection(ProjectConfigurationPlatforms) = postSolution
		{93BAB86E-8F6D-4D23-B47F-4E61CA84E31C}.Debug|x64.ActiveCfg = Debug|x64
		{93BAB86E-8F6D-4D23-B47F-4E61CA84E31C}.Debug|x64.Build.0 = Debug|x64
		{93BAB86E-8F6D-4D23-B47F-4E61CA84E31C}.Debug|x86.ActiveCfg = Debug|Win32
		{93BAB86E-8F6D-4D23-B47F-4E61CA84E31C}.Debug|x86.Build.0 = Debug|Win32
		{93BAB86E-8F6D-4D23-B47F-4E61CA84E31C}.Release|x64.ActiveCfg = Release|x64
		{93BAB86E-8F6D-4D23-B47F-4E61CA84E31C}.Release|x64.Build.0 = Release|x64
		{93BAB86E-8F6D-4D23-B47F-4E61CA84E31C}.Release|x86.ActiveCfg = Release|Win32
		{93BAB86E-8F6D-4D23-B47F-4E61CA84E31C}.Release|x86.Build.0 = Release|Win32
		{90143600-378A-42B4-B7C7-C62E1646978C}.Debug|x64.ActiveCfg = Debug|x64
		{90143600-378A-42B4-B7C7-C62E1646978C}.Debug|x64.Build.0 = Debug|x64
		{90143600-378A-42B4-B7C7-C62E1646978C}.Debug|x86.ActiveCfg = Debug|Win32
		{90143600-378A-42B4-B7C7-C62E1646978C}.Debug|x86.Build.0 = Debug|Win32
		{90143600-378A-42B4-B7C7-C62E1646978C}.Release|x64.ActiveCfg = Release|x64
		{90143600-378A-42B4-B7C7-C62E1646978C}.Release|x64.Build.0 = Release|x64
		{90143600-378A-42B4-B7C7-C62E1646978C}.Release|x86.ActiveCfg = Release|Win32
		{90143600-378A-42B4-B7C7-C62E1646978C}.Release|x86.Build.0 = Release|Win32
	EndGlobalSection
	GlobalSection(SolutionProperties) = preSolution
		HideSolutionNode = FALSE
	EndGlobalSection
	GlobalSection(ExtensibilityGlobals) = postSolution
		SolutionGuid = {1203DB92-A20E-4050-A5AF-91476BA7EAF0}
	EndGlobalSection
EndGlobal
